// !$*UTF8*$!
{
	archiveVersion = 1;
	classes = {
	};
	objectVersion = 55;
	objects = {

/* Begin PBXBuildFile section */
		579F3C9B27F83119005FC3B9 /* AppDelegate.swift in Sources */ = {isa = PBXBuildFile; fileRef = 579F3C9A27F83119005FC3B9 /* AppDelegate.swift */; };
		579F3C9D27F83119005FC3B9 /* SceneDelegate.swift in Sources */ = {isa = PBXBuildFile; fileRef = 579F3C9C27F83119005FC3B9 /* SceneDelegate.swift */; };
		579F3C9F27F83119005FC3B9 /* ViewController.swift in Sources */ = {isa = PBXBuildFile; fileRef = 579F3C9E27F83119005FC3B9 /* ViewController.swift */; };
		579F3CA227F83119005FC3B9 /* Main.storyboard in Resources */ = {isa = PBXBuildFile; fileRef = 579F3CA027F83119005FC3B9 /* Main.storyboard */; };
		579F3CA427F8311C005FC3B9 /* Assets.xcassets in Resources */ = {isa = PBXBuildFile; fileRef = 579F3CA327F8311C005FC3B9 /* Assets.xcassets */; };
		579F3CA727F8311C005FC3B9 /* LaunchScreen.storyboard in Resources */ = {isa = PBXBuildFile; fileRef = 579F3CA527F8311C005FC3B9 /* LaunchScreen.storyboard */; };
		57D90AFB2826F4AB00054C0F /* Seagull.wav in Resources */ = {isa = PBXBuildFile; fileRef = 57D90AF62826F4AB00054C0F /* Seagull.wav */; };
		57D90AFC2826F4AB00054C0F /* Cuckoo.wav in Resources */ = {isa = PBXBuildFile; fileRef = 57D90AF72826F4AB00054C0F /* Cuckoo.wav */; };
		57D90AFD2826F4AB00054C0F /* Parrot.wav in Resources */ = {isa = PBXBuildFile; fileRef = 57D90AF82826F4AB00054C0F /* Parrot.wav */; };
		57D90AFE2826F4AB00054C0F /* Sparrow.wav in Resources */ = {isa = PBXBuildFile; fileRef = 57D90AF92826F4AB00054C0F /* Sparrow.wav */; };
		57D90AFF2826F4AB00054C0F /* Pigeon.wav in Resources */ = {isa = PBXBuildFile; fileRef = 57D90AFA2826F4AB00054C0F /* Pigeon.wav */; };
/* End PBXBuildFile section */

/* Begin PBXFileReference section */
		579F3C9727F83119005FC3B9 /* Memofone.app */ = {isa = PBXFileReference; explicitFileType = wrapper.application; includeInIndex = 0; path = Memofone.app; sourceTree = BUILT_PRODUCTS_DIR; };
		579F3C9A27F83119005FC3B9 /* AppDelegate.swift */ = {isa = PBXFileReference; lastKnownFileType = sourcecode.swift; path = AppDelegate.swift; sourceTree = "<group>"; };
		579F3C9C27F83119005FC3B9 /* SceneDelegate.swift */ = {isa = PBXFileReference; lastKnownFileType = sourcecode.swift; path = SceneDelegate.swift; sourceTree = "<group>"; };
		579F3C9E27F83119005FC3B9 /* ViewController.swift */ = {isa = PBXFileReference; lastKnownFileType = sourcecode.swift; path = ViewController.swift; sourceTree = "<group>"; };
		579F3CA127F83119005FC3B9 /* Base */ = {isa = PBXFileReference; lastKnownFileType = file.storyboard; name = Base; path = Base.lproj/Main.storyboard; sourceTree = "<group>"; };
		579F3CA327F8311C005FC3B9 /* Assets.xcassets */ = {isa = PBXFileReference; lastKnownFileType = folder.assetcatalog; path = Assets.xcassets; sourceTree = "<group>"; };
		579F3CA627F8311C005FC3B9 /* Base */ = {isa = PBXFileReference; lastKnownFileType = file.storyboard; name = Base; path = Base.lproj/LaunchScreen.storyboard; sourceTree = "<group>"; };
		579F3CA827F8311C005FC3B9 /* Info.plist */ = {isa = PBXFileReference; lastKnownFileType = text.plist.xml; path = Info.plist; sourceTree = "<group>"; };
		57D90AF62826F4AB00054C0F /* Seagull.wav */ = {isa = PBXFileReference; lastKnownFileType = audio.wav; path = Seagull.wav; sourceTree = "<group>"; };
		57D90AF72826F4AB00054C0F /* Cuckoo.wav */ = {isa = PBXFileReference; lastKnownFileType = audio.wav; path = Cuckoo.wav; sourceTree = "<group>"; };
		57D90AF82826F4AB00054C0F /* Parrot.wav */ = {isa = PBXFileReference; lastKnownFileType = audio.wav; path = Parrot.wav; sourceTree = "<group>"; };
		57D90AF92826F4AB00054C0F /* Sparrow.wav */ = {isa = PBXFileReference; lastKnownFileType = audio.wav; path = Sparrow.wav; sourceTree = "<group>"; };
		57D90AFA2826F4AB00054C0F /* Pigeon.wav */ = {isa = PBXFileReference; lastKnownFileType = audio.wav; path = Pigeon.wav; sourceTree = "<group>"; };
/* End PBXFileReference section */

/* Begin PBXFrameworksBuildPhase section */
		579F3C9427F83119005FC3B9 /* Frameworks */ = {
			isa = PBXFrameworksBuildPhase;
			buildActionMask = 2147483647;
			files = (
			);
			runOnlyForDeploymentPostprocessing = 0;
		};
/* End PBXFrameworksBuildPhase section */

/* Begin PBXGroup section */
		579F3C8E27F83119005FC3B9 = {
			isa = PBXGroup;
			children = (
				579F3C9927F83119005FC3B9 /* Memofone */,
				579F3C9827F83119005FC3B9 /* Products */,
			);
			sourceTree = "<group>";
		};
		579F3C9827F83119005FC3B9 /* Products */ = {
			isa = PBXGroup;
			children = (
				579F3C9727F83119005FC3B9 /* Memofone.app */,
			);
			name = Products;
			sourceTree = "<group>";
		};
		579F3C9927F83119005FC3B9 /* Memofone */ = {
			isa = PBXGroup;
			children = (
				57D90AF52826F4AB00054C0F /* Sounds */,
				579F3C9A27F83119005FC3B9 /* AppDelegate.swift */,
				579F3C9C27F83119005FC3B9 /* SceneDelegate.swift */,
				579F3C9E27F83119005FC3B9 /* ViewController.swift */,
				579F3CA027F83119005FC3B9 /* Main.storyboard */,
				579F3CA327F8311C005FC3B9 /* Assets.xcassets */,
				579F3CA527F8311C005FC3B9 /* LaunchScreen.storyboard */,
				579F3CA827F8311C005FC3B9 /* Info.plist */,
			);
			path = Memofone;
			sourceTree = "<group>";
		};
		57D90AF52826F4AB00054C0F /* Sounds */ = {
			isa = PBXGroup;
			children = (
				57D90AF62826F4AB00054C0F /* Seagull.wav */,
				57D90AF72826F4AB00054C0F /* Cuckoo.wav */,
				57D90AF82826F4AB00054C0F /* Parrot.wav */,
				57D90AF92826F4AB00054C0F /* Sparrow.wav */,
				57D90AFA2826F4AB00054C0F /* Pigeon.wav */,
			);
			path = Sounds;
			sourceTree = "<group>";
		};
/* End PBXGroup section */

/* Begin PBXNativeTarget section */
		579F3C9627F83119005FC3B9 /* Memofone */ = {
			isa = PBXNativeTarget;
			buildConfigurationList = 579F3CAB27F8311C005FC3B9 /* Build configuration list for PBXNativeTarget "Memofone" */;
			buildPhases = (
				579F3C9327F83119005FC3B9 /* Sources */,
				579F3C9427F83119005FC3B9 /* Frameworks */,
				579F3C9527F83119005FC3B9 /* Resources */,
			);
			buildRules = (
			);
			dependencies = (
			);
			name = Memofone;
			productName = Memofone;
			productReference = 579F3C9727F83119005FC3B9 /* Memofone.app */;
			productType = "com.apple.product-type.application";
		};
/* End PBXNativeTarget section */

/* Begin PBXProject section */
		579F3C8F27F83119005FC3B9 /* Project object */ = {
			isa = PBXProject;
			attributes = {
				BuildIndependentTargetsInParallel = 1;
				LastSwiftUpdateCheck = 1330;
				LastUpgradeCheck = 1330;
				TargetAttributes = {
					579F3C9627F83119005FC3B9 = {
						CreatedOnToolsVersion = 13.3;
					};
				};
			};
			buildConfigurationList = 579F3C9227F83119005FC3B9 /* Build configuration list for PBXProject "Memofone" */;
			compatibilityVersion = "Xcode 13.0";
			developmentRegion = en;
			hasScannedForEncodings = 0;
			knownRegions = (
				en,
				Base,
			);
			mainGroup = 579F3C8E27F83119005FC3B9;
			productRefGroup = 579F3C9827F83119005FC3B9 /* Products */;
			projectDirPath = "";
			projectRoot = "";
			targets = (
				579F3C9627F83119005FC3B9 /* Memofone */,
			);
		};
/* End PBXProject section */

/* Begin PBXResourcesBuildPhase section */
		579F3C9527F83119005FC3B9 /* Resources */ = {
			isa = PBXResourcesBuildPhase;
			buildActionMask = 2147483647;
			files = (
				57D90AFF2826F4AB00054C0F /* Pigeon.wav in Resources */,
				57D90AFC2826F4AB00054C0F /* Cuckoo.wav in Resources */,
				57D90AFE2826F4AB00054C0F /* Sparrow.wav in Resources */,
				57D90AFB2826F4AB00054C0F /* Seagull.wav in Resources */,
				579F3CA727F8311C005FC3B9 /* LaunchScreen.storyboard in Resources */,
				579F3CA427F8311C005FC3B9 /* Assets.xcassets in Resources */,
				57D90AFD2826F4AB00054C0F /* Parrot.wav in Resources */,
				579F3CA227F83119005FC3B9 /* Main.storyboard in Resources */,
			);
			runOnlyForDeploymentPostprocessing = 0;
		};
/* End PBXResourcesBuildPhase section */

/* Begin PBXSourcesBuildPhase section */
		579F3C9327F83119005FC3B9 /* Sources */ = {
			isa = PBXSourcesBuildPhase;
			buildActionMask = 2147483647;
			files = (
				579F3C9F27F83119005FC3B9 /* ViewController.swift in Sources */,
				579F3C9B27F83119005FC3B9 /* AppDelegate.swift in Sources */,
				579F3C9D27F83119005FC3B9 /* SceneDelegate.swift in Sources */,
			);
			runOnlyForDeploymentPostprocessing = 0;
		};
/* End PBXSourcesBuildPhase section */

/* Begin PBXVariantGroup section */
		579F3CA027F83119005FC3B9 /* Main.storyboard */ = {
			isa = PBXVariantGroup;
			children = (
				579F3CA127F83119005FC3B9 /* Base */,
			);
			name = Main.storyboard;
			sourceTree = "<group>";
		};
		579F3CA527F8311C005FC3B9 /* LaunchScreen.storyboard */ = {
			isa = PBXVariantGroup;
			children = (
				579F3CA627F8311C005FC3B9 /* Base */,
			);
			name = LaunchScreen.storyboard;
			sourceTree = "<group>";
		};
/* End PBXVariantGroup section */

/* Begin XCBuildConfiguration section */
		579F3CA927F8311C005FC3B9 /* Debug */ = {
			isa = XCBuildConfiguration;
			buildSettings = {
				ALWAYS_SEARCH_USER_PATHS = NO;
				CLANG_ANALYZER_NONNULL = YES;
				CLANG_ANALYZER_NUMBER_OBJECT_CONVERSION = YES_AGGRESSIVE;
				CLANG_CXX_LANGUAGE_STANDARD = "gnu++17";
				CLANG_ENABLE_MODULES = YES;
				CLANG_ENABLE_OBJC_ARC = YES;
				CLANG_ENABLE_OBJC_WEAK = YES;
				CLANG_WARN_BLOCK_CAPTURE_AUTORELEASING = YES;
				CLANG_WARN_BOOL_CONVERSION = YES;
				CLANG_WARN_COMMA = YES;
				CLANG_WARN_CONSTANT_CONVERSION = YES;
				CLANG_WARN_DEPRECATED_OBJC_IMPLEMENTATIONS = YES;
				CLANG_WARN_DIRECT_OBJC_ISA_USAGE = YES_ERROR;
				CLANG_WARN_DOCUMENTATION_COMMENTS = YES;
				CLANG_WARN_EMPTY_BODY = YES;
				CLANG_WARN_ENUM_CONVERSION = YES;
				CLANG_WARN_INFINITE_RECURSION = YES;
				CLANG_WARN_INT_CONVERSION = YES;
				CLANG_WARN_NON_LITERAL_NULL_CONVERSION = YES;
				CLANG_WARN_OBJC_IMPLICIT_RETAIN_SELF = YES;
				CLANG_WARN_OBJC_LITERAL_CONVERSION = YES;
				CLANG_WARN_OBJC_ROOT_CLASS = YES_ERROR;
				CLANG_WARN_QUOTED_INCLUDE_IN_FRAMEWORK_HEADER = YES;
				CLANG_WARN_RANGE_LOOP_ANALYSIS = YES;
				CLANG_WARN_STRICT_PROTOTYPES = YES;
				CLANG_WARN_SUSPICIOUS_MOVE = YES;
				CLANG_WARN_UNGUARDED_AVAILABILITY = YES_AGGRESSIVE;
				CLANG_WARN_UNREACHABLE_CODE = YES;
				CLANG_WARN__DUPLICATE_METHOD_MATCH = YES;
				COPY_PHASE_STRIP = NO;
				DEBUG_INFORMATION_FORMAT = dwarf;
				ENABLE_STRICT_OBJC_MSGSEND = YES;
				ENABLE_TESTABILITY = YES;
				GCC_C_LANGUAGE_STANDARD = gnu11;
				GCC_DYNAMIC_NO_PIC = NO;
				GCC_NO_COMMON_BLOCKS = YES;
				GCC_OPTIMIZATION_LEVEL = 0;
				GCC_PREPROCESSOR_DEFINITIONS = (
					"DEBUG=1",
					"$(inherited)",
				);
				GCC_WARN_64_TO_32_BIT_CONVERSION = YES;
				GCC_WARN_ABOUT_RETURN_TYPE = YES_ERROR;
				GCC_WARN_UNDECLARED_SELECTOR = YES;
				GCC_WARN_UNINITIALIZED_AUTOS = YES_AGGRESSIVE;
				GCC_WARN_UNUSED_FUNCTION = YES;
				GCC_WARN_UNUSED_VARIABLE = YES;
				IPHONEOS_DEPLOYMENT_TARGET = 15.4;
				MTL_ENABLE_DEBUG_INFO = INCLUDE_SOURCE;
				MTL_FAST_MATH = YES;
				ONLY_ACTIVE_ARCH = YES;
				SDKROOT = iphoneos;
				SWIFT_ACTIVE_COMPILATION_CONDITIONS = DEBUG;
				SWIFT_OPTIMIZATION_LEVEL = "-Onone";
			};
			name = Debug;
		};
		579F3CAA27F8311C005FC3B9 /* Release */ = {
			isa = XCBuildConfiguration;
			buildSettings = {
				ALWAYS_SEARCH_USER_PATHS = NO;
				CLANG_ANALYZER_NONNULL = YES;
				CLANG_ANALYZER_NUMBER_OBJECT_CONVERSION = YES_AGGRESSIVE;
				CLANG_CXX_LANGUAGE_STANDARD = "gnu++17";
				CLANG_ENABLE_MODULES = YES;
				CLANG_ENABLE_OBJC_ARC = YES;
				CLANG_ENABLE_OBJC_WEAK = YES;
				CLANG_WARN_BLOCK_CAPTURE_AUTORELEASING = YES;
				CLANG_WARN_BOOL_CONVERSION = YES;
				CLANG_WARN_COMMA = YES;
				CLANG_WARN_CONSTANT_CONVERSION = YES;
				CLANG_WARN_DEPRECATED_OBJC_IMPLEMENTATIONS = YES;
				CLANG_WARN_DIRECT_OBJC_ISA_USAGE = YES_ERROR;
				CLANG_WARN_DOCUMENTATION_COMMENTS = YES;
				CLANG_WARN_EMPTY_BODY = YES;
				CLANG_WARN_ENUM_CONVERSION = YES;
				CLANG_WARN_INFINITE_RECURSION = YES;
				CLANG_WARN_INT_CONVERSION = YES;
				CLANG_WARN_NON_LITERAL_NULL_CONVERSION = YES;
				CLANG_WARN_OBJC_IMPLICIT_RETAIN_SELF = YES;
				CLANG_WARN_OBJC_LITERAL_CONVERSION = YES;
				CLANG_WARN_OBJC_ROOT_CLASS = YES_ERROR;
				CLANG_WARN_QUOTED_INCLUDE_IN_FRAMEWORK_HEADER = YES;
				CLANG_WARN_RANGE_LOOP_ANALYSIS = YES;
				CLANG_WARN_STRICT_PROTOTYPES = YES;
				CLANG_WARN_SUSPICIOUS_MOVE = YES;
				CLANG_WARN_UNGUARDED_AVAILABILITY = YES_AGGRESSIVE;
				CLANG_WARN_UNREACHABLE_CODE = YES;
				CLANG_WARN__DUPLICATE_METHOD_MATCH = YES;
				COPY_PHASE_STRIP = NO;
				DEBUG_INFORMATION_FORMAT = "dwarf-with-dsym";
				ENABLE_NS_ASSERTIONS = NO;
				ENABLE_STRICT_OBJC_MSGSEND = YES;
				GCC_C_LANGUAGE_STANDARD = gnu11;
				GCC_NO_COMMON_BLOCKS = YES;
				GCC_WARN_64_TO_32_BIT_CONVERSION = YES;
				GCC_WARN_ABOUT_RETURN_TYPE = YES_ERROR;
				GCC_WARN_UNDECLARED_SELECTOR = YES;
				GCC_WARN_UNINITIALIZED_AUTOS = YES_AGGRESSIVE;
				GCC_WARN_UNUSED_FUNCTION = YES;
				GCC_WARN_UNUSED_VARIABLE = YES;
				IPHONEOS_DEPLOYMENT_TARGET = 15.4;
				MTL_ENABLE_DEBUG_INFO = NO;
				MTL_FAST_MATH = YES;
				SDKROOT = iphoneos;
				SWIFT_COMPILATION_MODE = wholemodule;
				SWIFT_OPTIMIZATION_LEVEL = "-O";
				VALIDATE_PRODUCT = YES;
			};
			name = Release;
		};
		579F3CAC27F8311C005FC3B9 /* Debug */ = {
			isa = XCBuildConfiguration;
			buildSettings = {
				ASSETCATALOG_COMPILER_APPICON_NAME = AppIcon;
				ASSETCATALOG_COMPILER_GLOBAL_ACCENT_COLOR_NAME = AccentColor;
				CODE_SIGN_STYLE = Automatic;
				CURRENT_PROJECT_VERSION = 1;
				DEVELOPMENT_TEAM = 8RR26756PN;
				GENERATE_INFOPLIST_FILE = YES;
				INFOPLIST_FILE = Memofone/Info.plist;
				INFOPLIST_KEY_UIApplicationSupportsIndirectInputEvents = YES;
				INFOPLIST_KEY_UILaunchStoryboardName = LaunchScreen;
				INFOPLIST_KEY_UIMainStoryboardFile = Main;
				INFOPLIST_KEY_UISupportedInterfaceOrientations = UIInterfaceOrientationPortrait;
				INFOPLIST_KEY_UISupportedInterfaceOrientations_iPad = "UIInterfaceOrientationPortrait UIInterfaceOrientationPortraitUpsideDown UIInterfaceOrientationLandscapeLeft UIInterfaceOrientationLandscapeRight";
				INFOPLIST_KEY_UISupportedInterfaceOrientations_iPhone = "UIInterfaceOrientationPortrait UIInterfaceOrientationLandscapeLeft UIInterfaceOrientationLandscapeRight";
				IPHONEOS_DEPLOYMENT_TARGET = 13.0;
				LD_RUNPATH_SEARCH_PATHS = (
					"$(inherited)",
					"@executable_path/Frameworks",
				);
				MARKETING_VERSION = 1.0;
				PRODUCT_BUNDLE_IDENTIFIER = co.IvanBM.Memofone;
				PRODUCT_NAME = "$(TARGET_NAME)";
				SWIFT_EMIT_LOC_STRINGS = YES;
				SWIFT_VERSION = 5.0;
				TARGETED_DEVICE_FAMILY = 1;
			};
			name = Debug;
		};
		579F3CAD27F8311C005FC3B9 /* Release */ = {
			isa = XCBuildConfiguration;
			buildSettings = {
				ASSETCATALOG_COMPILER_APPICON_NAME = AppIcon;
				ASSETCATALOG_COMPILER_GLOBAL_ACCENT_COLOR_NAME = AccentColor;
				CODE_SIGN_STYLE = Automatic;
				CURRENT_PROJECT_VERSION = 1;
				DEVELOPMENT_TEAM = 8RR26756PN;
				GENERATE_INFOPLIST_FILE = YES;
				INFOPLIST_FILE = Memofone/Info.plist;
				INFOPLIST_KEY_UIApplicationSupportsIndirectInputEvents = YES;
				INFOPLIST_KEY_UILaunchStoryboardName = LaunchScreen;
				INFOPLIST_KEY_UIMainStoryboardFile = Main;
				INFOPLIST_KEY_UISupportedInterfaceOrientations = UIInterfaceOrientationPortrait;
				INFOPLIST_KEY_UISupportedInterfaceOrientations_iPad = "UIInterfaceOrientationPortrait UIInterfaceOrientationPortraitUpsideDown UIInterfaceOrientationLandscapeLeft UIInterfaceOrientationLandscapeRight";
				INFOPLIST_KEY_UISupportedInterfaceOrientations_iPhone = "UIInterfaceOrientationPortrait UIInterfaceOrientationLandscapeLeft UIInterfaceOrientationLandscapeRight";
				IPHONEOS_DEPLOYMENT_TARGET = 13.0;
				LD_RUNPATH_SEARCH_PATHS = (
					"$(inherited)",
					"@executable_path/Frameworks",
				);
				MARKETING_VERSION = 1.0;
				PRODUCT_BUNDLE_IDENTIFIER = co.IvanBM.Memofone;
				PRODUCT_NAME = "$(TARGET_NAME)";
				SWIFT_EMIT_LOC_STRINGS = YES;
				SWIFT_VERSION = 5.0;
				TARGETED_DEVICE_FAMILY = 1;
			};
			name = Release;
		};
/* End XCBuildConfiguration section */

/* Begin XCConfigurationList section */
		579F3C9227F83119005FC3B9 /* Build configuration list for PBXProject "Memofone" */ = {
			isa = XCConfigurationList;
			buildConfigurations = (
				579F3CA927F8311C005FC3B9 /* Debug */,
				579F3CAA27F8311C005FC3B9 /* Release */,
			);
			defaultConfigurationIsVisible = 0;
			defaultConfigurationName = Release;
		};
		579F3CAB27F8311C005FC3B9 /* Build configuration list for PBXNativeTarget "Memofone" */ = {
			isa = XCConfigurationList;
			buildConfigurations = (
				579F3CAC27F8311C005FC3B9 /* Debug */,
				579F3CAD27F8311C005FC3B9 /* Release */,
			);
			defaultConfigurationIsVisible = 0;
			defaultConfigurationName = Release;
		};
/* End XCConfigurationList section */
	};
	rootObject = 579F3C8F27F83119005FC3B9 /* Project object */;
}
